{
  "name": "dorimv-oneapp",
  "version": "1.0.0",
  "lockfileVersion": 2,
  "requires": true,
  "packages": {
    "": {
      "name": "dorimv-oneapp",
      "version": "1.0.0",
      "license": "ISC",
      "dependencies": {
        "regenerator-runtime": "node_modules/regenerator-runtime"
      },
      "devDependencies": {
        "@babel/core": "node_modules/@babel/core",
        "@babel/preset-env": "node_modules/@babel/preset-env",
        "@testing-library/dom": "node_modules/",
        "@testing-library/jest-dom": "node_modules/",
        "babel-jest": "node_modules/babel-jest",
        "jest": "node_modules/jest",
        "serve": "node_modules/serve"
      }
    },
    "node_modules": {
      "dev": true
    },
    "node_modules/@testing-library/dom": {
      "resolved": "node_modules",
      "link": true
    },
    "node_modules/@testing-library/jest-dom": {
      "resolved": "node_modules",
      "link": true
    },
    "node_modules/babel-jest": {
      "extraneous": true
    },
    "node_modules/jest": {
      "extraneous": true
    },
    "node_modules/regenerator-runtime": {
      "extraneous": true
    },
    "node_modules/serve": {
      "extraneous": true
    }
  },
  "dependencies": {
    "@testing-library/dom": {
      "version": "file:node_modules"
    }
  }
}
